schema: '2.0'
stages:
  evaluate@llama-3.3-70b:
    cmd: uv run python scripts/evaluate.py --model llama-3.3-70b
    deps:
    - path: assets/cve_db.json
      hash: md5
      md5: 36f4b05ff822310c58aeaf7c96ad462d
      size: 1112
    - path: scripts/evaluate.py
      hash: md5
      md5: 2d973a911c66a5abac3302cc7287cd8e
      size: 1133
    outs:
    - path: data/results/llama-3.3-70b.json
      hash: md5
      md5: ee96139c07706f40b3e32896b4022670
      size: 85
  evaluate@gemini-2.0-flash:
    cmd: uv run python scripts/evaluate.py --model gemini-2.0-flash
    deps:
    - path: assets/cve_db.json
      hash: md5
      md5: 36f4b05ff822310c58aeaf7c96ad462d
      size: 1112
    - path: scripts/evaluate.py
      hash: md5
      md5: 2d973a911c66a5abac3302cc7287cd8e
      size: 1133
    outs:
    - path: data/results/gemini-2.0-flash.json
      hash: md5
      md5: ce772feb08eec967d8ee827ef1f36059
      size: 88
  evaluate@claude-3.5-haiku:
    cmd: uv run python scripts/evaluate.py --model claude-3.5-haiku
    deps:
    - path: assets/cve_db.json
      hash: md5
      md5: 36f4b05ff822310c58aeaf7c96ad462d
      size: 1112
    - path: scripts/evaluate.py
      hash: md5
      md5: 2d973a911c66a5abac3302cc7287cd8e
      size: 1133
    outs:
    - path: data/results/claude-3.5-haiku.json
      hash: md5
      md5: 3a4a0069bc8cc91f508b3e6987d52361
      size: 88
  evaluate@gpt-4o-mini:
    cmd: uv run python scripts/evaluate.py --model gpt-4o-mini
    deps:
    - path: assets/cve_db.json
      hash: md5
      md5: 36f4b05ff822310c58aeaf7c96ad462d
      size: 1112
    - path: scripts/evaluate.py
      hash: md5
      md5: 2d973a911c66a5abac3302cc7287cd8e
      size: 1133
    outs:
    - path: data/results/gpt-4o-mini.json
      hash: md5
      md5: 36c7648ce182be3e216fd2329c709e04
      size: 83
  evaluate@mistral-small-3:
    cmd: uv run python scripts/evaluate.py --model mistral-small-3
    deps:
    - path: assets/cve_db.json
      hash: md5
      md5: 36f4b05ff822310c58aeaf7c96ad462d
      size: 1112
    - path: scripts/evaluate.py
      hash: md5
      md5: 2d973a911c66a5abac3302cc7287cd8e
      size: 1133
    outs:
    - path: data/results/mistral-small-3.json
      hash: md5
      md5: 18df76077858e537ab85c4f3afcc8ed5
      size: 87
  evaluate@gpt-4o:
    cmd: uv run python scripts/evaluate.py --model gpt-4o
    deps:
    - path: assets/cve_db.json
      hash: md5
      md5: 36f4b05ff822310c58aeaf7c96ad462d
      size: 1112
    - path: scripts/evaluate.py
      hash: md5
      md5: 2d973a911c66a5abac3302cc7287cd8e
      size: 1133
    outs:
    - path: data/results/gpt-4o.json
      hash: md5
      md5: 271def8cca876de9ce296b51abfc5d37
      size: 78
  evaluate@claude-3.7-sonnet:
    cmd: uv run python scripts/evaluate.py --model claude-3.7-sonnet
    deps:
    - path: assets/cve_db.json
      hash: md5
      md5: 36f4b05ff822310c58aeaf7c96ad462d
      size: 1112
    - path: scripts/evaluate.py
      hash: md5
      md5: 2d973a911c66a5abac3302cc7287cd8e
      size: 1133
    outs:
    - path: data/results/claude-3.7-sonnet.json
      hash: md5
      md5: af4b4ca4d1d87eb055e8bf8456b51b44
      size: 89
  evaluate@gemini-1.5-pro:
    cmd: uv run python scripts/evaluate.py --model gemini-1.5-pro
    deps:
    - path: assets/cve_db.json
      hash: md5
      md5: 36f4b05ff822310c58aeaf7c96ad462d
      size: 1112
    - path: scripts/evaluate.py
      hash: md5
      md5: 2d973a911c66a5abac3302cc7287cd8e
      size: 1133
    outs:
    - path: data/results/gemini-1.5-pro.json
      hash: md5
      md5: c01aabd3a891e26e83cb6cac4e77a6b4
      size: 86
  evaluate@deepseek-r1:
    cmd: uv run python scripts/evaluate.py --model deepseek-r1
    deps:
    - path: assets/cve_db.json
      hash: md5
      md5: 36f4b05ff822310c58aeaf7c96ad462d
      size: 1112
    - path: scripts/evaluate.py
      hash: md5
      md5: 2d973a911c66a5abac3302cc7287cd8e
      size: 1133
    outs:
    - path: data/results/deepseek-r1.json
      hash: md5
      md5: 2c329e241902305e2a9dc1b9a58b9e61
      size: 83
  evaluate@qwen2.5-72b:
    cmd: uv run python scripts/evaluate.py --model qwen2.5-72b
    deps:
    - path: assets/cve_db.json
      hash: md5
      md5: 36f4b05ff822310c58aeaf7c96ad462d
      size: 1112
    - path: scripts/evaluate.py
      hash: md5
      md5: 2d973a911c66a5abac3302cc7287cd8e
      size: 1133
    outs:
    - path: data/results/qwen2.5-72b.json
      hash: md5
      md5: 7597d99ad600870656e143e47417a6fe
      size: 82
  evaluate@deepseek-v3:
    cmd: uv run python scripts/evaluate.py --model deepseek-v3
    deps:
    - path: assets/cve_db.json
      hash: md5
      md5: 36f4b05ff822310c58aeaf7c96ad462d
      size: 1112
    - path: scripts/evaluate.py
      hash: md5
      md5: 2d973a911c66a5abac3302cc7287cd8e
      size: 1133
    outs:
    - path: data/results/deepseek-v3.json
      hash: md5
      md5: 8c741ed0e529589761dd9b67c4df8bda
      size: 82
  evaluate@grok-2:
    cmd: uv run python scripts/evaluate.py --model grok-2
    deps:
    - path: assets/cve_db.json
      hash: md5
      md5: 36f4b05ff822310c58aeaf7c96ad462d
      size: 1112
    - path: scripts/evaluate.py
      hash: md5
      md5: 2d973a911c66a5abac3302cc7287cd8e
      size: 1133
    outs:
    - path: data/results/grok-2.json
      hash: md5
      md5: 0f7797f1396be0f59f1d31f757ab2cfb
      size: 78
  aggregate:
    cmd: uv run python scripts/aggregate.py
    deps:
    - path: data/results/
      hash: md5
      md5: 4655ed9363f7f0a3186380da1ddf212f.dir
      size: 1009
      nfiles: 12
    - path: scripts/aggregate.py
      hash: md5
      md5: 08661ed12a9ec9c5acc4d30c7f326334
      size: 1357
    outs:
    - path: data/leaderboard.json
      hash: md5
      md5: 234fb80abf444870137f9c7d48f13a98
      size: 2057
